
Microsoft Visual Studio Solution File, Format Version 12.00
# Visual Studio Version 17
VisualStudioVersion = 17.14.36221.1 d17.14
MinimumVisualStudioVersion = 10.0.40219.1
Project("{FAE04EC0-301F-11D3-BF4B-00C04F79EFBC}") = "TalesoftheEntropicSea", "TalesoftheEntropicSea.csproj", "{E8651C17-E4D9-560F-0A02-787DBFC697E9}"
EndProject
Global
	GlobalSection(SolutionConfigurationPlatforms) = preSolution
		Debug|Any CPU = Debug|Any CPU
		Release|Any CPU = Release|Any CPU
	EndGlobalSection
	GlobalSection(ProjectConfigurationPlatforms) = postSolution
		{E8651C17-E4D9-560F-0A02-787DBFC697E9}.Debug|Any CPU.ActiveCfg = Debug|Any CPU
		{E8651C17-E4D9-560F-0A02-787DBFC697E9}.Debug|Any CPU.Build.0 = Debug|Any CPU
		{E8651C17-E4D9-560F-0A02-787DBFC697E9}.Release|Any CPU.ActiveCfg = Release|Any CPU
		{E8651C17-E4D9-560F-0A02-787DBFC697E9}.Release|Any CPU.Build.0 = Release|Any CPU
	EndGlobalSection
	GlobalSection(SolutionProperties) = preSolution
		HideSolutionNode = FALSE
	EndGlobalSection
	GlobalSection(ExtensibilityGlobals) = postSolution
		SolutionGuid = {AEDB18DE-073D-4589-91F6-FCE3F656F5AE}
	EndGlobalSection
EndGlobal
